// !$*UTF8*$!
{
archiveVersion = 1;
classes = {};
objectVersion = 56;
objects = {
000000000000000000000258 = {isa = PBXFileReference; lastKnownFileType = sourcecode.swift; path = "Core/PersonalizationModels.swift"; sourceTree = "<group>"; };
000000000000000000000262 = {isa = PBXBuildFile; fileRef = 000000000000000000000258; };
000000000000000000000259 = {isa = PBXFileReference; lastKnownFileType = sourcecode.swift; path = "Views/PersonalizationSettingsView.swift"; sourceTree = "<group>"; };
000000000000000000000263 = {isa = PBXBuildFile; fileRef = 000000000000000000000259; };
00000000000000000000025A = {isa = PBXFileReference; lastKnownFileType = sourcecode.swift; path = "Views/DecorationsView.swift"; sourceTree = "<group>"; };
000000000000000000000264 = {isa = PBXBuildFile; fileRef = 00000000000000000000025A; };
00000000000000000000026C = {isa = PBXBuildFile; fileRef = 000000000000000000000258; };
0000000000000000000001F4 = {isa = PBXFileReference; lastKnownFileType = sourcecode.swift; path = "Core/WidgetModels.swift"; sourceTree = "<group>"; };
0000000000000000000001FE = {isa = PBXBuildFile; fileRef = 0000000000000000000001F4; };
0000000000000000000001F5 = {isa = PBXFileReference; lastKnownFileType = sourcecode.swift; path = "Views/WidgetViews.swift"; sourceTree = "<group>"; };
0000000000000000000001FF = {isa = PBXBuildFile; fileRef = 0000000000000000000001F5; };
0000000000000000000001F6 = {isa = PBXFileReference; lastKnownFileType = sourcecode.swift; path = "Views/WidgetSettingsView.swift"; sourceTree = "<group>"; };
000000000000000000000200 = {isa = PBXBuildFile; fileRef = 0000000000000000000001F6; };
0000000000000000000001F7 = {isa = PBXFileReference; lastKnownFileType = sourcecode.swift; path = "Views/ClosedNotchView.swift"; sourceTree = "<group>"; };
000000000000000000000201 = {isa = PBXBuildFile; fileRef = 0000000000000000000001F7; };
000000000000000000000208 = {isa = PBXBuildFile; fileRef = 0000000000000000000001F4; };
000000000000000000000190 = {isa = PBXFileReference; lastKnownFileType = sourcecode.swift; path = "Core/SurfaceModels.swift"; sourceTree = "<group>"; };
00000000000000000000019A = {isa = PBXBuildFile; fileRef = 000000000000000000000190; };
000000000000000000000191 = {isa = PBXFileReference; lastKnownFileType = sourcecode.swift; path = "Views/SurfaceAppearanceView.swift"; sourceTree = "<group>"; };
00000000000000000000019B = {isa = PBXBuildFile; fileRef = 000000000000000000000191; };
000000000000000000000192 = {isa = PBXFileReference; lastKnownFileType = sourcecode.swift; path = "Services/ShelfPreview.swift"; sourceTree = "<group>"; };
00000000000000000000019C = {isa = PBXBuildFile; fileRef = 000000000000000000000192; };
0000000000000000000001A4 = {isa = PBXBuildFile; fileRef = 000000000000000000000190; };
00000000000000000000012C = {isa = PBXFileReference; lastKnownFileType = folder; path = Docs; sourceTree = "<group>"; };
00000000000000000000012D = {isa = PBXFileReference; lastKnownFileType = folder; path = Scripts; sourceTree = "<group>"; };
00000000000000000000012E = {isa = PBXFileReference; lastKnownFileType = folder; path = Examples; sourceTree = "<group>"; };
00000000000000000000012F = {isa = PBXFileReference; lastKnownFileType = net.daringfireball.markdown; path = README.md; sourceTree = "<group>"; };
000000000000000000000130 = {isa = PBXFileReference; lastKnownFileType = text.plist.entitlements; path = Halo/Halo.entitlements; sourceTree = "<group>"; };
000000000000000000000064 = {isa = PBXFileReference; lastKnownFileType = sourcecode.swift; path = "App/HaloApp.swift"; sourceTree = "<group>"; };
0000000000000000000000C8 = {isa = PBXBuildFile; fileRef = 000000000000000000000064; };
000000000000000000000065 = {isa = PBXFileReference; lastKnownFileType = sourcecode.swift; path = "Core/Models.swift"; sourceTree = "<group>"; };
0000000000000000000000C9 = {isa = PBXBuildFile; fileRef = 000000000000000000000065; };
000000000000000000000066 = {isa = PBXFileReference; lastKnownFileType = sourcecode.swift; path = "Core/AppStore.swift"; sourceTree = "<group>"; };
0000000000000000000000CA = {isa = PBXBuildFile; fileRef = 000000000000000000000066; };
000000000000000000000067 = {isa = PBXFileReference; lastKnownFileType = sourcecode.swift; path = "NotchEngine/WindowManager.swift"; sourceTree = "<group>"; };
0000000000000000000000CB = {isa = PBXBuildFile; fileRef = 000000000000000000000067; };
000000000000000000000068 = {isa = PBXFileReference; lastKnownFileType = sourcecode.swift; path = "Views/SurfaceView.swift"; sourceTree = "<group>"; };
0000000000000000000000CC = {isa = PBXBuildFile; fileRef = 000000000000000000000068; };
000000000000000000000069 = {isa = PBXFileReference; lastKnownFileType = sourcecode.swift; path = "Views/WorkspaceSettingsView.swift"; sourceTree = "<group>"; };
0000000000000000000000CD = {isa = PBXBuildFile; fileRef = 000000000000000000000069; };
00000000000000000000006A = {isa = PBXFileReference; lastKnownFileType = sourcecode.swift; path = "Core/WorkspaceModels.swift"; sourceTree = "<group>"; };
0000000000000000000000CE = {isa = PBXBuildFile; fileRef = 00000000000000000000006A; };
00000000000000000000006B = {isa = PBXFileReference; lastKnownFileType = sourcecode.swift; path = "Core/WorkspaceStore.swift"; sourceTree = "<group>"; };
0000000000000000000000CF = {isa = PBXBuildFile; fileRef = 00000000000000000000006B; };
00000000000000000000006C = {isa = PBXFileReference; lastKnownFileType = sourcecode.swift; path = "Views/ModuleViews.swift"; sourceTree = "<group>"; };
0000000000000000000000D0 = {isa = PBXBuildFile; fileRef = 00000000000000000000006C; };
00000000000000000000006D = {isa = PBXFileReference; lastKnownFileType = sourcecode.swift; path = "Services/Integrations.swift"; sourceTree = "<group>"; };
0000000000000000000000D1 = {isa = PBXBuildFile; fileRef = 00000000000000000000006D; };
00000000000000000000006E = {isa = PBXFileReference; lastKnownFileType = sourcecode.swift; path = "Services/CaptureService.swift"; sourceTree = "<group>"; };
0000000000000000000000D2 = {isa = PBXBuildFile; fileRef = 00000000000000000000006E; };
00000000000000000000006F = {isa = PBXFileReference; lastKnownFileType = sourcecode.swift; path = "Core/ExtensionContracts.swift"; sourceTree = "<group>"; };
0000000000000000000000D3 = {isa = PBXBuildFile; fileRef = 00000000000000000000006F; };
000000000000000000000096 = {isa = PBXFileReference; lastKnownFileType = sourcecode.swift; path = Tests/HaloCoreTests.swift; sourceTree = "<group>"; };
000000000000000000000097 = {isa = PBXFileReference; lastKnownFileType = sourcecode.swift; path = Tests/LicenseTests.swift; sourceTree = "<group>"; };
0000000000000000000000FA = {isa = PBXBuildFile; fileRef = 000000000000000000000065; };
0000000000000000000000FB = {isa = PBXBuildFile; fileRef = 00000000000000000000006A; };
0000000000000000000000FC = {isa = PBXBuildFile; fileRef = 00000000000000000000006F; };
0000000000000000000000FD = {isa = PBXBuildFile; fileRef = 000000000000000000000096; };
0000000000000000000000FE = {isa = PBXBuildFile; fileRef = 000000000000000000000097; };
000000000000000000000001 = {isa = PBXProject; attributes = {LastUpgradeCheck = 1500; }; buildConfigurationList = 00000000000000000000000A; compatibilityVersion = "Xcode 14.0"; developmentRegion = en; hasScannedForEncodings = 0; knownRegions = (en, Base); mainGroup = 000000000000000000000002; productRefGroup = 000000000000000000000004; projectDirPath = ""; projectRoot = ""; targets = (000000000000000000000005, 000000000000000000000014); };
000000000000000000000002 = {isa = PBXGroup; children = (000000000000000000000003, 000000000000000000000096, 000000000000000000000097, 00000000000000000000012C, 00000000000000000000012D, 00000000000000000000012E, 00000000000000000000012F, 000000000000000000000130, 000000000000000000000004); sourceTree = "<group>"; };
000000000000000000000003 = {isa = PBXGroup; path = Halo; children = (000000000000000000000258,000000000000000000000259,00000000000000000000025A,0000000000000000000001F4,0000000000000000000001F5,0000000000000000000001F6,0000000000000000000001F7,000000000000000000000190,000000000000000000000191,000000000000000000000192,000000000000000000000064,000000000000000000000065,000000000000000000000066,000000000000000000000067,000000000000000000000068,000000000000000000000069,00000000000000000000006A,00000000000000000000006B,00000000000000000000006C,00000000000000000000006D,00000000000000000000006E,00000000000000000000006F); sourceTree = "<group>"; };
000000000000000000000004 = {isa = PBXGroup; name = Products; children = (000000000000000000000006, 000000000000000000000015); sourceTree = "<group>"; };
000000000000000000000006 = {isa = PBXFileReference; explicitFileType = wrapper.application; includeInIndex = 0; path = Halo.app; sourceTree = BUILT_PRODUCTS_DIR; };
000000000000000000000015 = {isa = PBXFileReference; explicitFileType = wrapper.cfbundle; includeInIndex = 0; path = HaloCoreTests.xctest; sourceTree = BUILT_PRODUCTS_DIR; };
000000000000000000000005 = {isa = PBXNativeTarget; buildConfigurationList = 00000000000000000000000B; buildPhases = (000000000000000000000007, 000000000000000000000008, 000000000000000000000009); buildRules = (); dependencies = (); name = Halo; productName = Halo; productReference = 000000000000000000000006; productType = "com.apple.product-type.application"; };
000000000000000000000014 = {isa = PBXNativeTarget; buildConfigurationList = 000000000000000000000016; buildPhases = (000000000000000000000017, 000000000000000000000018); buildRules = (); dependencies = (); name = HaloCoreTests; productName = HaloCoreTests; productReference = 000000000000000000000015; productType = "com.apple.product-type.bundle.unit-test"; };
000000000000000000000007 = {isa = PBXSourcesBuildPhase; buildActionMask = 2147483647; files = (000000000000000000000262,000000000000000000000263,000000000000000000000264,0000000000000000000001FE,0000000000000000000001FF,000000000000000000000200,000000000000000000000201,00000000000000000000019A,00000000000000000000019B,00000000000000000000019C,0000000000000000000000C8,0000000000000000000000C9,0000000000000000000000CA,0000000000000000000000CB,0000000000000000000000CC,0000000000000000000000CD,0000000000000000000000CE,0000000000000000000000CF,0000000000000000000000D0,0000000000000000000000D1,0000000000000000000000D2,0000000000000000000000D3); runOnlyForDeploymentPostprocessing = 0; };
000000000000000000000017 = {isa = PBXSourcesBuildPhase; buildActionMask = 2147483647; files = (00000000000000000000026C,000000000000000000000208,0000000000000000000001A4,0000000000000000000000FA,0000000000000000000000FB,0000000000000000000000FC,0000000000000000000000FD,0000000000000000000000FE); runOnlyForDeploymentPostprocessing = 0; };
000000000000000000000008 = {isa = PBXFrameworksBuildPhase; buildActionMask = 2147483647; files = (); runOnlyForDeploymentPostprocessing = 0; };
000000000000000000000018 = {isa = PBXFrameworksBuildPhase; buildActionMask = 2147483647; files = (); runOnlyForDeploymentPostprocessing = 0; };
000000000000000000000009 = {isa = PBXResourcesBuildPhase; buildActionMask = 2147483647; files = (); runOnlyForDeploymentPostprocessing = 0; };
00000000000000000000000A = {isa = XCConfigurationList; buildConfigurations = (00000000000000000000000C,00000000000000000000000D); defaultConfigurationIsVisible = 0; defaultConfigurationName = Release; };
00000000000000000000000B = {isa = XCConfigurationList; buildConfigurations = (00000000000000000000000E,00000000000000000000000F); defaultConfigurationIsVisible = 0; defaultConfigurationName = Release; };
000000000000000000000016 = {isa = XCConfigurationList; buildConfigurations = (000000000000000000000019,00000000000000000000001A); defaultConfigurationIsVisible = 0; defaultConfigurationName = Release; };
00000000000000000000000C = {isa = XCBuildConfiguration; buildSettings = {SDKROOT = macosx; MACOSX_DEPLOYMENT_TARGET = 13.0; CLANG_ENABLE_MODULES = YES; SWIFT_OPTIMIZATION_LEVEL = "-Onone"; SWIFT_ACTIVE_COMPILATION_CONDITIONS = DEBUG; ENABLE_TESTABILITY = YES;}; name = Debug; };
00000000000000000000000D = {isa = XCBuildConfiguration; buildSettings = {SDKROOT = macosx; MACOSX_DEPLOYMENT_TARGET = 13.0; CLANG_ENABLE_MODULES = YES; SWIFT_OPTIMIZATION_LEVEL = "-O"; }; name = Release; };
00000000000000000000000E = {isa = XCBuildConfiguration; buildSettings = {CODE_SIGN_STYLE = Automatic; CODE_SIGN_ENTITLEMENTS = Halo/Halo.entitlements; ENABLE_HARDENED_RUNTIME = YES; GENERATE_INFOPLIST_FILE = YES; INFOPLIST_KEY_LSUIElement = YES; INFOPLIST_KEY_CFBundleDisplayName = Halo; INFOPLIST_KEY_NSCalendarsUsageDescription = "Halo reads today's calendar events when you enable Calendar."; INFOPLIST_KEY_NSCalendarsFullAccessUsageDescription = "Halo shows today's schedule and meeting links. It does not modify events."; INFOPLIST_KEY_NSAppleEventsUsageDescription = "Halo controls your selected music player when you use media controls."; PRODUCT_BUNDLE_IDENTIFIER = com.redstoneinvente.Halo; PRODUCT_NAME = "$(TARGET_NAME)"; MARKETING_VERSION = 0.2.0; CURRENT_PROJECT_VERSION = 2; ENABLE_APP_SANDBOX = NO; SWIFT_VERSION = 5.0; COMBINE_HIDPI_IMAGES = YES; }; name = Debug; };
00000000000000000000000F = {isa = XCBuildConfiguration; buildSettings = {CODE_SIGN_STYLE = Automatic; CODE_SIGN_ENTITLEMENTS = Halo/Halo.entitlements; ENABLE_HARDENED_RUNTIME = YES; GENERATE_INFOPLIST_FILE = YES; INFOPLIST_KEY_LSUIElement = YES; INFOPLIST_KEY_CFBundleDisplayName = Halo; INFOPLIST_KEY_NSCalendarsUsageDescription = "Halo reads today's calendar events when you enable Calendar."; INFOPLIST_KEY_NSCalendarsFullAccessUsageDescription = "Halo shows today's schedule and meeting links. It does not modify events."; INFOPLIST_KEY_NSAppleEventsUsageDescription = "Halo controls your selected music player when you use media controls."; PRODUCT_BUNDLE_IDENTIFIER = com.redstoneinvente.Halo; PRODUCT_NAME = "$(TARGET_NAME)"; MARKETING_VERSION = 0.2.0; CURRENT_PROJECT_VERSION = 2; ENABLE_APP_SANDBOX = NO; SWIFT_VERSION = 5.0; COMBINE_HIDPI_IMAGES = YES; }; name = Release; };
000000000000000000000019 = {isa = XCBuildConfiguration; buildSettings = {GENERATE_INFOPLIST_FILE = YES; PRODUCT_BUNDLE_IDENTIFIER = com.redstoneinvente.HaloCoreTests; PRODUCT_NAME = "$(TARGET_NAME)"; SWIFT_VERSION = 5.0; CODE_SIGN_STYLE = Automatic; }; name = Debug; };
00000000000000000000001A = {isa = XCBuildConfiguration; buildSettings = {GENERATE_INFOPLIST_FILE = YES; PRODUCT_BUNDLE_IDENTIFIER = com.redstoneinvente.HaloCoreTests; PRODUCT_NAME = "$(TARGET_NAME)"; SWIFT_VERSION = 5.0; CODE_SIGN_STYLE = Automatic; }; name = Release; };
};
rootObject = 000000000000000000000001;
}
